{
    "_meta": {
        "hash": {
            "sha256": "fedb83b83e3c9cd80c0e978c347796488c65c57e263546b59de27aa89d6f838a"
        },
        "requires": {},
        "sources": [
            {
                "url": "https://pypi.python.org/simple",
                "verify_ssl": true
            }
        ]
    },
    "default": {
        "BASC-py4chan": "*",
        "autopep8": "*",
        "better_exceptions": "*",
        "click": "*",
        "click-completion": "*",
        "coloredlogs": "*",
        "dataset": "*",
        "facepy": "*",
        "praw": "*",
        "pymongo": "*",
        "pytest-cov": "*",
        "python-twitter": "*",
        "singer-python": "*"
    },
    "develop": {
        "coverage": "*",
        "pytest": "*"
    }
}