{
    "_meta": {
        "hash": {
            "sha256": "bc9145a5bed75a18ac4d6045dc79a1ae254421c4e54ebba411e74eb6a26eabf7"
        },
        "requires": {},
        "sources": [
            {
                "url": "https://pypi.python.org/simple",
                "verify_ssl": true
            }
        ]
    },
    "default": {
        "BASC-py4chan": "*",
        "autopep8": "*",
        "better_exceptions": "*",
        "coloredlogs": "*",
        "dataset": "*",
        "facepy": "*",
        "pytest-cov": "*",
        "python-twitter": "*"
    },
    "develop": {
        "coverage": "*",
        "pytest": "*"
    }
}